
Microsoft Visual Studio Solution File, Format Version 12.00
# Visual Studio 2013
VisualStudioVersion = 12.0.31101.0
MinimumVisualStudioVersion = 10.0.40219.1
Project("{FAE04EC0-301F-11D3-BF4B-00C04F79EFBC}") = "Printer", "Printer\Printer.csproj", "{DA0C562A-7825-4806-B228-BBDE45FABC95}"
EndProject
Project("{FAE04EC0-301F-11D3-BF4B-00C04F79EFBC}") = "Editor", "Editor\Editor.csproj", "{C99B3B6F-E6F7-4EF6-B697-D194CFA19914}"
EndProject
Project("{FAE04EC0-301F-11D3-BF4B-00C04F79EFBC}") = "Luigi", "Luigi\Luigi.csproj", "{74DF86C0-535E-4502-A6F6-25D4ECC80800}"
EndProject
Project("{FAE04EC0-301F-11D3-BF4B-00C04F79EFBC}") = "Accu", "Accu\Accu.csproj", "{C879F073-3D83-429D-A8FB-CE1652228FAC}"
EndProject
Project("{FAE04EC0-301F-11D3-BF4B-00C04F79EFBC}") = "EditorAccu", "EditorAccu\EditorAccu.csproj", "{B09D1986-093E-4FEB-99B3-D6227565FA9A}"
EndProject
Global
	GlobalSection(SolutionConfigurationPlatforms) = preSolution
		Debug|Any CPU = Debug|Any CPU
		Release|Any CPU = Release|Any CPU
	EndGlobalSection
	GlobalSection(ProjectConfigurationPlatforms) = postSolution
		{DA0C562A-7825-4806-B228-BBDE45FABC95}.Debug|Any CPU.ActiveCfg = Debug|Any CPU
		{DA0C562A-7825-4806-B228-BBDE45FABC95}.Debug|Any CPU.Build.0 = Debug|Any CPU
		{DA0C562A-7825-4806-B228-BBDE45FABC95}.Release|Any CPU.ActiveCfg = Release|Any CPU
		{DA0C562A-7825-4806-B228-BBDE45FABC95}.Release|Any CPU.Build.0 = Release|Any CPU
		{C99B3B6F-E6F7-4EF6-B697-D194CFA19914}.Debug|Any CPU.ActiveCfg = Debug|Any CPU
		{C99B3B6F-E6F7-4EF6-B697-D194CFA19914}.Debug|Any CPU.Build.0 = Debug|Any CPU
		{C99B3B6F-E6F7-4EF6-B697-D194CFA19914}.Release|Any CPU.ActiveCfg = Release|Any CPU
		{C99B3B6F-E6F7-4EF6-B697-D194CFA19914}.Release|Any CPU.Build.0 = Release|Any CPU
		{74DF86C0-535E-4502-A6F6-25D4ECC80800}.Debug|Any CPU.ActiveCfg = Debug|Any CPU
		{74DF86C0-535E-4502-A6F6-25D4ECC80800}.Debug|Any CPU.Build.0 = Debug|Any CPU
		{74DF86C0-535E-4502-A6F6-25D4ECC80800}.Release|Any CPU.ActiveCfg = Release|Any CPU
		{74DF86C0-535E-4502-A6F6-25D4ECC80800}.Release|Any CPU.Build.0 = Release|Any CPU
		{C879F073-3D83-429D-A8FB-CE1652228FAC}.Debug|Any CPU.ActiveCfg = Debug|Any CPU
		{C879F073-3D83-429D-A8FB-CE1652228FAC}.Debug|Any CPU.Build.0 = Debug|Any CPU
		{C879F073-3D83-429D-A8FB-CE1652228FAC}.Release|Any CPU.ActiveCfg = Release|Any CPU
		{C879F073-3D83-429D-A8FB-CE1652228FAC}.Release|Any CPU.Build.0 = Release|Any CPU
		{B09D1986-093E-4FEB-99B3-D6227565FA9A}.Debug|Any CPU.ActiveCfg = Debug|Any CPU
		{B09D1986-093E-4FEB-99B3-D6227565FA9A}.Debug|Any CPU.Build.0 = Debug|Any CPU
		{B09D1986-093E-4FEB-99B3-D6227565FA9A}.Release|Any CPU.ActiveCfg = Release|Any CPU
		{B09D1986-093E-4FEB-99B3-D6227565FA9A}.Release|Any CPU.Build.0 = Release|Any CPU
	EndGlobalSection
	GlobalSection(SolutionProperties) = preSolution
		HideSolutionNode = FALSE
	EndGlobalSection
EndGlobal
